
Microsoft Visual Studio Solution File, Format Version 12.00
# Visual Studio 15
VisualStudioVersion = 15.0.28010.2003
MinimumVisualStudioVersion = 10.0.40219.1
Project("{FAE04EC0-301F-11D3-BF4B-00C04F79EFBC}") = "MyBest", "MyBest\MyBest.csproj", "{98C151B2-8F5B-46BA-A542-24C19FD153A0}"
EndProject
Project("{FAE04EC0-301F-11D3-BF4B-00C04F79EFBC}") = "DAL", "DAL\DAL.csproj", "{4D018831-CF49-4380-AA9C-5AF3A4769F21}"
EndProject
Global
	GlobalSection(SolutionConfigurationPlatforms) = preSolution
		Debug|Any CPU = Debug|Any CPU
		Release|Any CPU = Release|Any CPU
	EndGlobalSection
	GlobalSection(ProjectConfigurationPlatforms) = postSolution
		{98C151B2-8F5B-46BA-A542-24C19FD153A0}.Debug|Any CPU.ActiveCfg = Debug|Any CPU
		{98C151B2-8F5B-46BA-A542-24C19FD153A0}.Debug|Any CPU.Build.0 = Debug|Any CPU
		{98C151B2-8F5B-46BA-A542-24C19FD153A0}.Release|Any CPU.ActiveCfg = Release|Any CPU
		{98C151B2-8F5B-46BA-A542-24C19FD153A0}.Release|Any CPU.Build.0 = Release|Any CPU
		{4D018831-CF49-4380-AA9C-5AF3A4769F21}.Debug|Any CPU.ActiveCfg = Debug|Any CPU
		{4D018831-CF49-4380-AA9C-5AF3A4769F21}.Debug|Any CPU.Build.0 = Debug|Any CPU
		{4D018831-CF49-4380-AA9C-5AF3A4769F21}.Release|Any CPU.ActiveCfg = Release|Any CPU
		{4D018831-CF49-4380-AA9C-5AF3A4769F21}.Release|Any CPU.Build.0 = Release|Any CPU
	EndGlobalSection
	GlobalSection(SolutionProperties) = preSolution
		HideSolutionNode = FALSE
	EndGlobalSection
	GlobalSection(ExtensibilityGlobals) = postSolution
		SolutionGuid = {54CEC1C1-C729-437C-9B91-1FC6D3ACAE18}
	EndGlobalSection
EndGlobal
